
Microsoft Visual Studio Solution File, Format Version 12.00
# Visual Studio Version 17
VisualStudioVersion = 17.14.36414.22 d17.14
MinimumVisualStudioVersion = 10.0.40219.1
Project("{FAE04EC0-301F-11D3-BF4B-00C04F79EFBC}") = "Ptriangulo", "Ptriangulo\Ptriangulo.csproj", "{CBA9EAEE-3A1B-449A-A3FC-8C934CC1D954}"
EndProject
Global
	GlobalSection(SolutionConfigurationPlatforms) = preSolution
		Debug|Any CPU = Debug|Any CPU
		Release|Any CPU = Release|Any CPU
	EndGlobalSection
	GlobalSection(ProjectConfigurationPlatforms) = postSolution
		{CBA9EAEE-3A1B-449A-A3FC-8C934CC1D954}.Debug|Any CPU.ActiveCfg = Debug|Any CPU
		{CBA9EAEE-3A1B-449A-A3FC-8C934CC1D954}.Debug|Any CPU.Build.0 = Debug|Any CPU
		{CBA9EAEE-3A1B-449A-A3FC-8C934CC1D954}.Release|Any CPU.ActiveCfg = Release|Any CPU
		{CBA9EAEE-3A1B-449A-A3FC-8C934CC1D954}.Release|Any CPU.Build.0 = Release|Any CPU
	EndGlobalSection
	GlobalSection(SolutionProperties) = preSolution
		HideSolutionNode = FALSE
	EndGlobalSection
	GlobalSection(ExtensibilityGlobals) = postSolution
		SolutionGuid = {A383A95A-A276-48D2-9B36-7FC396E9C8B7}
	EndGlobalSection
EndGlobal
